// !$*UTF8*$!
{
	archiveVersion = 1;
	classes = {
	};
	objectVersion = 46;
	objects = {

/* Begin PBXBuildFile section */
		B12094B31D1A63E1004230F4 /* AppDelegate.swift in Sources */ = {isa = PBXBuildFile; fileRef = B12094B21D1A63E1004230F4 /* AppDelegate.swift */; };
		B12094B81D1A63E1004230F4 /* Main.storyboard in Resources */ = {isa = PBXBuildFile; fileRef = B12094B61D1A63E1004230F4 /* Main.storyboard */; };
		B12094BA1D1A63E1004230F4 /* Assets.xcassets in Resources */ = {isa = PBXBuildFile; fileRef = B12094B91D1A63E1004230F4 /* Assets.xcassets */; };
		B12094BD1D1A63E1004230F4 /* LaunchScreen.storyboard in Resources */ = {isa = PBXBuildFile; fileRef = B12094BB1D1A63E1004230F4 /* LaunchScreen.storyboard */; };
		B12094C71D1A7019004230F4 /* CloudKitExtensions.swift in Sources */ = {isa = PBXBuildFile; fileRef = B12094C61D1A7019004230F4 /* CloudKitExtensions.swift */; };
		B12094CF1D1A917C004230F4 /* CloudQandATableViewController.swift in Sources */ = {isa = PBXBuildFile; fileRef = B12094CE1D1A917C004230F4 /* CloudQandATableViewController.swift */; };
		B12094D11D1B50B9004230F4 /* TextTableViewController.swift in Sources */ = {isa = PBXBuildFile; fileRef = B12094D01D1B50B9004230F4 /* TextTableViewController.swift */; };
		B12094D31D1B5365004230F4 /* QandATableViewController.swift in Sources */ = {isa = PBXBuildFile; fileRef = B12094D21D1B5365004230F4 /* QandATableViewController.swift */; };
		B12094D51D1BC73C004230F4 /* QandAAccessoryTableViewController.swift in Sources */ = {isa = PBXBuildFile; fileRef = B12094D41D1BC73C004230F4 /* QandAAccessoryTableViewController.swift */; };
		B12094D81D1BE1BB004230F4 /* CloudKit.framework in Frameworks */ = {isa = PBXBuildFile; fileRef = B12094D71D1BE1BB004230F4 /* CloudKit.framework */; };
		B12094DA1D1BFF80004230F4 /* AllQandAsTableViewController.swift in Sources */ = {isa = PBXBuildFile; fileRef = B12094D91D1BFF80004230F4 /* AllQandAsTableViewController.swift */; };
/* End PBXBuildFile section */

/* Begin PBXFileReference section */
		B12094AF1D1A63E1004230F4 /* Pollster.app */ = {isa = PBXFileReference; explicitFileType = wrapper.application; includeInIndex = 0; path = Pollster.app; sourceTree = BUILT_PRODUCTS_DIR; };
		B12094B21D1A63E1004230F4 /* AppDelegate.swift */ = {isa = PBXFileReference; lastKnownFileType = sourcecode.swift; path = AppDelegate.swift; sourceTree = "<group>"; };
		B12094B71D1A63E1004230F4 /* Base */ = {isa = PBXFileReference; lastKnownFileType = file.storyboard; name = Base; path = Base.lproj/Main.storyboard; sourceTree = "<group>"; };
		B12094B91D1A63E1004230F4 /* Assets.xcassets */ = {isa = PBXFileReference; lastKnownFileType = folder.assetcatalog; path = Assets.xcassets; sourceTree = "<group>"; };
		B12094BC1D1A63E1004230F4 /* Base */ = {isa = PBXFileReference; lastKnownFileType = file.storyboard; name = Base; path = Base.lproj/LaunchScreen.storyboard; sourceTree = "<group>"; };
		B12094BE1D1A63E1004230F4 /* Info.plist */ = {isa = PBXFileReference; lastKnownFileType = text.plist.xml; path = Info.plist; sourceTree = "<group>"; };
		B12094C61D1A7019004230F4 /* CloudKitExtensions.swift */ = {isa = PBXFileReference; fileEncoding = 4; lastKnownFileType = sourcecode.swift; path = CloudKitExtensions.swift; sourceTree = "<group>"; };
		B12094CE1D1A917C004230F4 /* CloudQandATableViewController.swift */ = {isa = PBXFileReference; fileEncoding = 4; lastKnownFileType = sourcecode.swift; path = CloudQandATableViewController.swift; sourceTree = "<group>"; };
		B12094D01D1B50B9004230F4 /* TextTableViewController.swift */ = {isa = PBXFileReference; fileEncoding = 4; lastKnownFileType = sourcecode.swift; path = TextTableViewController.swift; sourceTree = "<group>"; };
		B12094D21D1B5365004230F4 /* QandATableViewController.swift */ = {isa = PBXFileReference; fileEncoding = 4; lastKnownFileType = sourcecode.swift; path = QandATableViewController.swift; sourceTree = "<group>"; };
		B12094D41D1BC73C004230F4 /* QandAAccessoryTableViewController.swift */ = {isa = PBXFileReference; fileEncoding = 4; lastKnownFileType = sourcecode.swift; path = QandAAccessoryTableViewController.swift; sourceTree = "<group>"; };
		B12094D61D1BE194004230F4 /* Pollster.entitlements */ = {isa = PBXFileReference; lastKnownFileType = text.xml; path = Pollster.entitlements; sourceTree = "<group>"; };
		B12094D71D1BE1BB004230F4 /* CloudKit.framework */ = {isa = PBXFileReference; lastKnownFileType = wrapper.framework; name = CloudKit.framework; path = System/Library/Frameworks/CloudKit.framework; sourceTree = SDKROOT; };
		B12094D91D1BFF80004230F4 /* AllQandAsTableViewController.swift */ = {isa = PBXFileReference; fileEncoding = 4; lastKnownFileType = sourcecode.swift; path = AllQandAsTableViewController.swift; sourceTree = "<group>"; };
/* End PBXFileReference section */

/* Begin PBXFrameworksBuildPhase section */
		B12094AC1D1A63E1004230F4 /* Frameworks */ = {
			isa = PBXFrameworksBuildPhase;
			buildActionMask = 2147483647;
			files = (
				B12094D81D1BE1BB004230F4 /* CloudKit.framework in Frameworks */,
			);
			runOnlyForDeploymentPostprocessing = 0;
		};
/* End PBXFrameworksBuildPhase section */

/* Begin PBXGroup section */
		B12094A61D1A63E1004230F4 = {
			isa = PBXGroup;
			children = (
				B12094D71D1BE1BB004230F4 /* CloudKit.framework */,
				B12094B11D1A63E1004230F4 /* Pollster */,
				B12094B01D1A63E1004230F4 /* Products */,
			);
			sourceTree = "<group>";
		};
		B12094B01D1A63E1004230F4 /* Products */ = {
			isa = PBXGroup;
			children = (
				B12094AF1D1A63E1004230F4 /* Pollster.app */,
			);
			name = Products;
			sourceTree = "<group>";
		};
		B12094B11D1A63E1004230F4 /* Pollster */ = {
			isa = PBXGroup;
			children = (
				B12094D61D1BE194004230F4 /* Pollster.entitlements */,
				B12094B21D1A63E1004230F4 /* AppDelegate.swift */,
				B12094B61D1A63E1004230F4 /* Main.storyboard */,
				B12094CE1D1A917C004230F4 /* CloudQandATableViewController.swift */,
				B12094D91D1BFF80004230F4 /* AllQandAsTableViewController.swift */,
				B12094C51D1A6E6C004230F4 /* Supporting Files */,
			);
			path = Pollster;
			sourceTree = "<group>";
		};
		B12094C51D1A6E6C004230F4 /* Supporting Files */ = {
			isa = PBXGroup;
			children = (
				B12094C61D1A7019004230F4 /* CloudKitExtensions.swift */,
				B12094D41D1BC73C004230F4 /* QandAAccessoryTableViewController.swift */,
				B12094D21D1B5365004230F4 /* QandATableViewController.swift */,
				B12094D01D1B50B9004230F4 /* TextTableViewController.swift */,
				B12094B91D1A63E1004230F4 /* Assets.xcassets */,
				B12094BB1D1A63E1004230F4 /* LaunchScreen.storyboard */,
				B12094BE1D1A63E1004230F4 /* Info.plist */,
			);
			name = "Supporting Files";
			sourceTree = "<group>";
		};
/* End PBXGroup section */

/* Begin PBXNativeTarget section */
		B12094AE1D1A63E1004230F4 /* Pollster */ = {
			isa = PBXNativeTarget;
			buildConfigurationList = B12094C11D1A63E1004230F4 /* Build configuration list for PBXNativeTarget "Pollster" */;
			buildPhases = (
				B12094AB1D1A63E1004230F4 /* Sources */,
				B12094AC1D1A63E1004230F4 /* Frameworks */,
				B12094AD1D1A63E1004230F4 /* Resources */,
			);
			buildRules = (
			);
			dependencies = (
			);
			name = Pollster;
			productName = Pollster;
			productReference = B12094AF1D1A63E1004230F4 /* Pollster.app */;
			productType = "com.apple.product-type.application";
		};
/* End PBXNativeTarget section */

/* Begin PBXProject section */
		B12094A71D1A63E1004230F4 /* Project object */ = {
			isa = PBXProject;
			attributes = {
				LastSwiftUpdateCheck = 0730;
				LastUpgradeCheck = 0730;
				ORGANIZATIONNAME = "H Hugo Falkman";
				TargetAttributes = {
					B12094AE1D1A63E1004230F4 = {
						CreatedOnToolsVersion = 7.3.1;
						DevelopmentTeam = CAE4XXMP5G;
						SystemCapabilities = {
							com.apple.iCloud = {
								enabled = 1;
							};
						};
					};
				};
			};
			buildConfigurationList = B12094AA1D1A63E1004230F4 /* Build configuration list for PBXProject "Pollster" */;
			compatibilityVersion = "Xcode 3.2";
			developmentRegion = English;
			hasScannedForEncodings = 0;
			knownRegions = (
				en,
				Base,
			);
			mainGroup = B12094A61D1A63E1004230F4;
			productRefGroup = B12094B01D1A63E1004230F4 /* Products */;
			projectDirPath = "";
			projectRoot = "";
			targets = (
				B12094AE1D1A63E1004230F4 /* Pollster */,
			);
		};
/* End PBXProject section */

/* Begin PBXResourcesBuildPhase section */
		B12094AD1D1A63E1004230F4 /* Resources */ = {
			isa = PBXResourcesBuildPhase;
			buildActionMask = 2147483647;
			files = (
				B12094BD1D1A63E1004230F4 /* LaunchScreen.storyboard in Resources */,
				B12094BA1D1A63E1004230F4 /* Assets.xcassets in Resources */,
				B12094B81D1A63E1004230F4 /* Main.storyboard in Resources */,
			);
			runOnlyForDeploymentPostprocessing = 0;
		};
/* End PBXResourcesBuildPhase section */

/* Begin PBXSourcesBuildPhase section */
		B12094AB1D1A63E1004230F4 /* Sources */ = {
			isa = PBXSourcesBuildPhase;
			buildActionMask = 2147483647;
			files = (
				B12094D11D1B50B9004230F4 /* TextTableViewController.swift in Sources */,
				B12094D31D1B5365004230F4 /* QandATableViewController.swift in Sources */,
				B12094D51D1BC73C004230F4 /* QandAAccessoryTableViewController.swift in Sources */,
				B12094C71D1A7019004230F4 /* CloudKitExtensions.swift in Sources */,
				B12094CF1D1A917C004230F4 /* CloudQandATableViewController.swift in Sources */,
				B12094DA1D1BFF80004230F4 /* AllQandAsTableViewController.swift in Sources */,
				B12094B31D1A63E1004230F4 /* AppDelegate.swift in Sources */,
			);
			runOnlyForDeploymentPostprocessing = 0;
		};
/* End PBXSourcesBuildPhase section */

/* Begin PBXVariantGroup section */
		B12094B61D1A63E1004230F4 /* Main.storyboard */ = {
			isa = PBXVariantGroup;
			children = (
				B12094B71D1A63E1004230F4 /* Base */,
			);
			name = Main.storyboard;
			sourceTree = "<group>";
		};
		B12094BB1D1A63E1004230F4 /* LaunchScreen.storyboard */ = {
			isa = PBXVariantGroup;
			children = (
				B12094BC1D1A63E1004230F4 /* Base */,
			);
			name = LaunchScreen.storyboard;
			sourceTree = "<group>";
		};
/* End PBXVariantGroup section */

/* Begin XCBuildConfiguration section */
		B12094BF1D1A63E1004230F4 /* Debug */ = {
			isa = XCBuildConfiguration;
			buildSettings = {
				ALWAYS_SEARCH_USER_PATHS = NO;
				CLANG_ANALYZER_NONNULL = YES;
				CLANG_CXX_LANGUAGE_STANDARD = "gnu++0x";
				CLANG_CXX_LIBRARY = "libc++";
				CLANG_ENABLE_MODULES = YES;
				CLANG_ENABLE_OBJC_ARC = YES;
				CLANG_WARN_BOOL_CONVERSION = YES;
				CLANG_WARN_CONSTANT_CONVERSION = YES;
				CLANG_WARN_DIRECT_OBJC_ISA_USAGE = YES_ERROR;
				CLANG_WARN_EMPTY_BODY = YES;
				CLANG_WARN_ENUM_CONVERSION = YES;
				CLANG_WARN_INT_CONVERSION = YES;
				CLANG_WARN_OBJC_ROOT_CLASS = YES_ERROR;
				CLANG_WARN_UNREACHABLE_CODE = YES;
				CLANG_WARN__DUPLICATE_METHOD_MATCH = YES;
				"CODE_SIGN_IDENTITY[sdk=iphoneos*]" = "iPhone Developer";
				COPY_PHASE_STRIP = NO;
				DEBUG_INFORMATION_FORMAT = dwarf;
				ENABLE_STRICT_OBJC_MSGSEND = YES;
				ENABLE_TESTABILITY = YES;
				GCC_C_LANGUAGE_STANDARD = gnu99;
				GCC_DYNAMIC_NO_PIC = NO;
				GCC_NO_COMMON_BLOCKS = YES;
				GCC_OPTIMIZATION_LEVEL = 0;
				GCC_PREPROCESSOR_DEFINITIONS = (
					"DEBUG=1",
					"$(inherited)",
				);
				GCC_WARN_64_TO_32_BIT_CONVERSION = YES;
				GCC_WARN_ABOUT_RETURN_TYPE = YES_ERROR;
				GCC_WARN_UNDECLARED_SELECTOR = YES;
				GCC_WARN_UNINITIALIZED_AUTOS = YES_AGGRESSIVE;
				GCC_WARN_UNUSED_FUNCTION = YES;
				GCC_WARN_UNUSED_VARIABLE = YES;
				IPHONEOS_DEPLOYMENT_TARGET = 9.3;
				MTL_ENABLE_DEBUG_INFO = YES;
				ONLY_ACTIVE_ARCH = YES;
				SDKROOT = iphoneos;
				SWIFT_OPTIMIZATION_LEVEL = "-Onone";
			};
			name = Debug;
		};
		B12094C01D1A63E1004230F4 /* Release */ = {
			isa = XCBuildConfiguration;
			buildSettings = {
				ALWAYS_SEARCH_USER_PATHS = NO;
				CLANG_ANALYZER_NONNULL = YES;
				CLANG_CXX_LANGUAGE_STANDARD = "gnu++0x";
				CLANG_CXX_LIBRARY = "libc++";
				CLANG_ENABLE_MODULES = YES;
				CLANG_ENABLE_OBJC_ARC = YES;
				CLANG_WARN_BOOL_CONVERSION = YES;
				CLANG_WARN_CONSTANT_CONVERSION = YES;
				CLANG_WARN_DIRECT_OBJC_ISA_USAGE = YES_ERROR;
				CLANG_WARN_EMPTY_BODY = YES;
				CLANG_WARN_ENUM_CONVERSION = YES;
				CLANG_WARN_INT_CONVERSION = YES;
				CLANG_WARN_OBJC_ROOT_CLASS = YES_ERROR;
				CLANG_WARN_UNREACHABLE_CODE = YES;
				CLANG_WARN__DUPLICATE_METHOD_MATCH = YES;
				"CODE_SIGN_IDENTITY[sdk=iphoneos*]" = "iPhone Developer";
				COPY_PHASE_STRIP = NO;
				DEBUG_INFORMATION_FORMAT = "dwarf-with-dsym";
				ENABLE_NS_ASSERTIONS = NO;
				ENABLE_STRICT_OBJC_MSGSEND = YES;
				GCC_C_LANGUAGE_STANDARD = gnu99;
				GCC_NO_COMMON_BLOCKS = YES;
				GCC_WARN_64_TO_32_BIT_CONVERSION = YES;
				GCC_WARN_ABOUT_RETURN_TYPE = YES_ERROR;
				GCC_WARN_UNDECLARED_SELECTOR = YES;
				GCC_WARN_UNINITIALIZED_AUTOS = YES_AGGRESSIVE;
				GCC_WARN_UNUSED_FUNCTION = YES;
				GCC_WARN_UNUSED_VARIABLE = YES;
				IPHONEOS_DEPLOYMENT_TARGET = 9.3;
				MTL_ENABLE_DEBUG_INFO = NO;
				SDKROOT = iphoneos;
				VALIDATE_PRODUCT = YES;
			};
			name = Release;
		};
		B12094C21D1A63E1004230F4 /* Debug */ = {
			isa = XCBuildConfiguration;
			buildSettings = {
				ASSETCATALOG_COMPILER_APPICON_NAME = AppIcon;
				CODE_SIGN_ENTITLEMENTS = Pollster/Pollster.entitlements;
				INFOPLIST_FILE = Pollster/Info.plist;
				LD_RUNPATH_SEARCH_PATHS = "$(inherited) @executable_path/Frameworks";
				PRODUCT_BUNDLE_IDENTIFIER = com.hhugofalkman.Pollster;
				PRODUCT_NAME = "$(TARGET_NAME)";
			};
			name = Debug;
		};
		B12094C31D1A63E1004230F4 /* Release */ = {
			isa = XCBuildConfiguration;
			buildSettings = {
				ASSETCATALOG_COMPILER_APPICON_NAME = AppIcon;
				CODE_SIGN_ENTITLEMENTS = Pollster/Pollster.entitlements;
				INFOPLIST_FILE = Pollster/Info.plist;
				LD_RUNPATH_SEARCH_PATHS = "$(inherited) @executable_path/Frameworks";
				PRODUCT_BUNDLE_IDENTIFIER = com.hhugofalkman.Pollster;
				PRODUCT_NAME = "$(TARGET_NAME)";
			};
			name = Release;
		};
/* End XCBuildConfiguration section */

/* Begin XCConfigurationList section */
		B12094AA1D1A63E1004230F4 /* Build configuration list for PBXProject "Pollster" */ = {
			isa = XCConfigurationList;
			buildConfigurations = (
				B12094BF1D1A63E1004230F4 /* Debug */,
				B12094C01D1A63E1004230F4 /* Release */,
			);
			defaultConfigurationIsVisible = 0;
			defaultConfigurationName = Release;
		};
		B12094C11D1A63E1004230F4 /* Build configuration list for PBXNativeTarget "Pollster" */ = {
			isa = XCConfigurationList;
			buildConfigurations = (
				B12094C21D1A63E1004230F4 /* Debug */,
				B12094C31D1A63E1004230F4 /* Release */,
			);
			defaultConfigurationIsVisible = 0;
			defaultConfigurationName = Release;
		};
/* End XCConfigurationList section */
	};
	rootObject = B12094A71D1A63E1004230F4 /* Project object */;
}
